
Microsoft Visual Studio Solution File, Format Version 12.00
# Visual Studio Version 16
VisualStudioVersion = 16.0.30204.135
MinimumVisualStudioVersion = 10.0.40219.1
Project("{FAE04EC0-301F-11D3-BF4B-00C04F79EFBC}") = "SISS-Package-Executor", "SISS-Package-Executor.csproj", "{F6C2CB52-CC13-4C15-9A1E-4112800BA2B9}"
EndProject
Global
	GlobalSection(SolutionConfigurationPlatforms) = preSolution
		Debug|Any CPU = Debug|Any CPU
		Release|Any CPU = Release|Any CPU
	EndGlobalSection
	GlobalSection(ProjectConfigurationPlatforms) = postSolution
		{F6C2CB52-CC13-4C15-9A1E-4112800BA2B9}.Debug|Any CPU.ActiveCfg = Debug|Any CPU
		{F6C2CB52-CC13-4C15-9A1E-4112800BA2B9}.Debug|Any CPU.Build.0 = Debug|Any CPU
		{F6C2CB52-CC13-4C15-9A1E-4112800BA2B9}.Release|Any CPU.ActiveCfg = Release|Any CPU
		{F6C2CB52-CC13-4C15-9A1E-4112800BA2B9}.Release|Any CPU.Build.0 = Release|Any CPU
	EndGlobalSection
	GlobalSection(SolutionProperties) = preSolution
		HideSolutionNode = FALSE
	EndGlobalSection
	GlobalSection(ExtensibilityGlobals) = postSolution
		SolutionGuid = {658975CF-A026-4E45-AE9E-D02D05DC2597}
	EndGlobalSection
EndGlobal
